
Microsoft Visual Studio Solution File, Format Version 12.00
# Visual Studio Version 16
VisualStudioVersion = 16.0.30517.126
MinimumVisualStudioVersion = 10.0.40219.1
Project("{FAE04EC0-301F-11D3-BF4B-00C04F79EFBC}") = "PracticaFinal_UF1", "PracticaFinal_UF1\PracticaFinal_UF1.csproj", "{E9393A62-2AF7-4B01-AEC4-845E93411CC4}"
EndProject
Global
	GlobalSection(SolutionConfigurationPlatforms) = preSolution
		Debug|Any CPU = Debug|Any CPU
		Release|Any CPU = Release|Any CPU
	EndGlobalSection
	GlobalSection(ProjectConfigurationPlatforms) = postSolution
		{E9393A62-2AF7-4B01-AEC4-845E93411CC4}.Debug|Any CPU.ActiveCfg = Debug|Any CPU
		{E9393A62-2AF7-4B01-AEC4-845E93411CC4}.Debug|Any CPU.Build.0 = Debug|Any CPU
		{E9393A62-2AF7-4B01-AEC4-845E93411CC4}.Release|Any CPU.ActiveCfg = Release|Any CPU
		{E9393A62-2AF7-4B01-AEC4-845E93411CC4}.Release|Any CPU.Build.0 = Release|Any CPU
	EndGlobalSection
	GlobalSection(SolutionProperties) = preSolution
		HideSolutionNode = FALSE
	EndGlobalSection
	GlobalSection(ExtensibilityGlobals) = postSolution
		SolutionGuid = {AF9033BE-7733-4B38-A44A-E586BBBCCFC4}
	EndGlobalSection
EndGlobal
