
Microsoft Visual Studio Solution File, Format Version 12.00
# Visual Studio Version 16
VisualStudioVersion = 16.0.31005.135
MinimumVisualStudioVersion = 10.0.40219.1
Project("{FAE04EC0-301F-11D3-BF4B-00C04F79EFBC}") = "Presentacio", "Biblioteca\Presentacio.csproj", "{3A51B392-760C-4039-81CD-8DC8D76BD36A}"
EndProject
Project("{FAE04EC0-301F-11D3-BF4B-00C04F79EFBC}") = "Negocio", "Negocio\Negocio.csproj", "{FE247DCF-98B3-4AB8-ACCC-9F1F6E704E3E}"
EndProject
Project("{FAE04EC0-301F-11D3-BF4B-00C04F79EFBC}") = "Datos", "Datos\Datos.csproj", "{2DB967F4-2CB1-40FA-A2AC-F570FD1A1768}"
EndProject
Project("{FAE04EC0-301F-11D3-BF4B-00C04F79EFBC}") = "PresentacioWPF", "PresentacioWPF\PresentacioWPF.csproj", "{D8DCE2CD-80AE-487B-A127-D142CAE7000B}"
EndProject
Global
	GlobalSection(SolutionConfigurationPlatforms) = preSolution
		Debug|Any CPU = Debug|Any CPU
		Release|Any CPU = Release|Any CPU
	EndGlobalSection
	GlobalSection(ProjectConfigurationPlatforms) = postSolution
		{3A51B392-760C-4039-81CD-8DC8D76BD36A}.Debug|Any CPU.ActiveCfg = Debug|Any CPU
		{3A51B392-760C-4039-81CD-8DC8D76BD36A}.Debug|Any CPU.Build.0 = Debug|Any CPU
		{3A51B392-760C-4039-81CD-8DC8D76BD36A}.Release|Any CPU.ActiveCfg = Release|Any CPU
		{3A51B392-760C-4039-81CD-8DC8D76BD36A}.Release|Any CPU.Build.0 = Release|Any CPU
		{FE247DCF-98B3-4AB8-ACCC-9F1F6E704E3E}.Debug|Any CPU.ActiveCfg = Debug|Any CPU
		{FE247DCF-98B3-4AB8-ACCC-9F1F6E704E3E}.Debug|Any CPU.Build.0 = Debug|Any CPU
		{FE247DCF-98B3-4AB8-ACCC-9F1F6E704E3E}.Release|Any CPU.ActiveCfg = Release|Any CPU
		{FE247DCF-98B3-4AB8-ACCC-9F1F6E704E3E}.Release|Any CPU.Build.0 = Release|Any CPU
		{2DB967F4-2CB1-40FA-A2AC-F570FD1A1768}.Debug|Any CPU.ActiveCfg = Debug|Any CPU
		{2DB967F4-2CB1-40FA-A2AC-F570FD1A1768}.Debug|Any CPU.Build.0 = Debug|Any CPU
		{2DB967F4-2CB1-40FA-A2AC-F570FD1A1768}.Release|Any CPU.ActiveCfg = Release|Any CPU
		{2DB967F4-2CB1-40FA-A2AC-F570FD1A1768}.Release|Any CPU.Build.0 = Release|Any CPU
		{D8DCE2CD-80AE-487B-A127-D142CAE7000B}.Debug|Any CPU.ActiveCfg = Debug|Any CPU
		{D8DCE2CD-80AE-487B-A127-D142CAE7000B}.Debug|Any CPU.Build.0 = Debug|Any CPU
		{D8DCE2CD-80AE-487B-A127-D142CAE7000B}.Release|Any CPU.ActiveCfg = Release|Any CPU
		{D8DCE2CD-80AE-487B-A127-D142CAE7000B}.Release|Any CPU.Build.0 = Release|Any CPU
	EndGlobalSection
	GlobalSection(SolutionProperties) = preSolution
		HideSolutionNode = FALSE
	EndGlobalSection
	GlobalSection(ExtensibilityGlobals) = postSolution
		SolutionGuid = {2FF6AA9C-78FF-434A-B941-AB6FB5EAD4E7}
	EndGlobalSection
EndGlobal
