
Microsoft Visual Studio Solution File, Format Version 12.00
# Visual Studio Version 16
VisualStudioVersion = 16.0.30804.86
MinimumVisualStudioVersion = 10.0.40219.1
Project("{FAE04EC0-301F-11D3-BF4B-00C04F79EFBC}") = "ClubTenis_SQLite", "ClubTenis_SQLite\ClubTenis_SQLite.csproj", "{9FC49307-A721-4AED-8AF4-3CC7C3FA862B}"
EndProject
Global
	GlobalSection(SolutionConfigurationPlatforms) = preSolution
		Debug|Any CPU = Debug|Any CPU
		Release|Any CPU = Release|Any CPU
	EndGlobalSection
	GlobalSection(ProjectConfigurationPlatforms) = postSolution
		{9FC49307-A721-4AED-8AF4-3CC7C3FA862B}.Debug|Any CPU.ActiveCfg = Debug|Any CPU
		{9FC49307-A721-4AED-8AF4-3CC7C3FA862B}.Debug|Any CPU.Build.0 = Debug|Any CPU
		{9FC49307-A721-4AED-8AF4-3CC7C3FA862B}.Release|Any CPU.ActiveCfg = Release|Any CPU
		{9FC49307-A721-4AED-8AF4-3CC7C3FA862B}.Release|Any CPU.Build.0 = Release|Any CPU
	EndGlobalSection
	GlobalSection(SolutionProperties) = preSolution
		HideSolutionNode = FALSE
	EndGlobalSection
	GlobalSection(ExtensibilityGlobals) = postSolution
		SolutionGuid = {1D0204C4-1670-4849-AC00-B62E71A4BAE5}
	EndGlobalSection
EndGlobal
