
Microsoft Visual Studio Solution File, Format Version 12.00
# Visual Studio Version 16
VisualStudioVersion = 16.0.30621.155
MinimumVisualStudioVersion = 10.0.40219.1
Project("{FAE04EC0-301F-11D3-BF4B-00C04F79EFBC}") = "Exercicis_Serialitzacio_3", "Exercicis_Serialitzacio_3\Exercicis_Serialitzacio_3.csproj", "{41D9DAFA-7DAC-46DB-8063-A68D1ECD111D}"
EndProject
Project("{FAE04EC0-301F-11D3-BF4B-00C04F79EFBC}") = "ObjectesSerialitzacio", "ObjectesSerialitzacioXML_3\ObjectesSerialitzacio.csproj", "{6A7296B8-6AE3-4EE5-84D6-1D1EC5F17A52}"
EndProject
Global
	GlobalSection(SolutionConfigurationPlatforms) = preSolution
		Debug|Any CPU = Debug|Any CPU
		Release|Any CPU = Release|Any CPU
	EndGlobalSection
	GlobalSection(ProjectConfigurationPlatforms) = postSolution
		{41D9DAFA-7DAC-46DB-8063-A68D1ECD111D}.Debug|Any CPU.ActiveCfg = Debug|Any CPU
		{41D9DAFA-7DAC-46DB-8063-A68D1ECD111D}.Debug|Any CPU.Build.0 = Debug|Any CPU
		{41D9DAFA-7DAC-46DB-8063-A68D1ECD111D}.Release|Any CPU.ActiveCfg = Release|Any CPU
		{41D9DAFA-7DAC-46DB-8063-A68D1ECD111D}.Release|Any CPU.Build.0 = Release|Any CPU
		{6A7296B8-6AE3-4EE5-84D6-1D1EC5F17A52}.Debug|Any CPU.ActiveCfg = Debug|Any CPU
		{6A7296B8-6AE3-4EE5-84D6-1D1EC5F17A52}.Debug|Any CPU.Build.0 = Debug|Any CPU
		{6A7296B8-6AE3-4EE5-84D6-1D1EC5F17A52}.Release|Any CPU.ActiveCfg = Release|Any CPU
		{6A7296B8-6AE3-4EE5-84D6-1D1EC5F17A52}.Release|Any CPU.Build.0 = Release|Any CPU
	EndGlobalSection
	GlobalSection(SolutionProperties) = preSolution
		HideSolutionNode = FALSE
	EndGlobalSection
	GlobalSection(ExtensibilityGlobals) = postSolution
		SolutionGuid = {71DB8BCC-E2CD-4556-92EB-70988ACE1902}
	EndGlobalSection
EndGlobal
