
Microsoft Visual Studio Solution File, Format Version 12.00
# Visual Studio Version 16
VisualStudioVersion = 16.0.30717.126
MinimumVisualStudioVersion = 10.0.40219.1
Project("{FAE04EC0-301F-11D3-BF4B-00C04F79EFBC}") = "testMongoDB", "testMongoDB\testMongoDB.csproj", "{BA44DDE1-9695-4496-9C8B-E734BBE1BCC7}"
EndProject
Global
	GlobalSection(SolutionConfigurationPlatforms) = preSolution
		Debug|Any CPU = Debug|Any CPU
		Release|Any CPU = Release|Any CPU
	EndGlobalSection
	GlobalSection(ProjectConfigurationPlatforms) = postSolution
		{BA44DDE1-9695-4496-9C8B-E734BBE1BCC7}.Debug|Any CPU.ActiveCfg = Debug|Any CPU
		{BA44DDE1-9695-4496-9C8B-E734BBE1BCC7}.Debug|Any CPU.Build.0 = Debug|Any CPU
		{BA44DDE1-9695-4496-9C8B-E734BBE1BCC7}.Release|Any CPU.ActiveCfg = Release|Any CPU
		{BA44DDE1-9695-4496-9C8B-E734BBE1BCC7}.Release|Any CPU.Build.0 = Release|Any CPU
	EndGlobalSection
	GlobalSection(SolutionProperties) = preSolution
		HideSolutionNode = FALSE
	EndGlobalSection
	GlobalSection(ExtensibilityGlobals) = postSolution
		SolutionGuid = {7E1FB589-5BAD-4CFB-8C23-4CEFB8546A4F}
	EndGlobalSection
EndGlobal
