
Microsoft Visual Studio Solution File, Format Version 12.00
# Visual Studio 15
VisualStudioVersion = 15.0.27130.2027
MinimumVisualStudioVersion = 10.0.40219.1
Project("{FAE04EC0-301F-11D3-BF4B-00C04F79EFBC}") = "Side Scrolling Platform Game", "Side Scrolling Platform Game\Side Scrolling Platform Game.csproj", "{89AA589E-AAB0-4D61-BDA5-DB39B97683BB}"
EndProject
Global
	GlobalSection(SolutionConfigurationPlatforms) = preSolution
		Debug|Any CPU = Debug|Any CPU
		Release|Any CPU = Release|Any CPU
	EndGlobalSection
	GlobalSection(ProjectConfigurationPlatforms) = postSolution
		{89AA589E-AAB0-4D61-BDA5-DB39B97683BB}.Debug|Any CPU.ActiveCfg = Debug|Any CPU
		{89AA589E-AAB0-4D61-BDA5-DB39B97683BB}.Debug|Any CPU.Build.0 = Debug|Any CPU
		{89AA589E-AAB0-4D61-BDA5-DB39B97683BB}.Release|Any CPU.ActiveCfg = Release|Any CPU
		{89AA589E-AAB0-4D61-BDA5-DB39B97683BB}.Release|Any CPU.Build.0 = Release|Any CPU
	EndGlobalSection
	GlobalSection(SolutionProperties) = preSolution
		HideSolutionNode = FALSE
	EndGlobalSection
	GlobalSection(ExtensibilityGlobals) = postSolution
		SolutionGuid = {A6FECF9B-E130-4266-AFD4-FDA4A916EC40}
	EndGlobalSection
EndGlobal
